
Microsoft Visual Studio Solution File, Format Version 12.00
# Visual Studio Version 17
VisualStudioVersion = 17.14.37203.1 d17.14
MinimumVisualStudioVersion = 10.0.40219.1
Project("{8BC9CEB8-8B4A-11D0-8D11-00A0C91BC942}") = "Chaser_T2_T3", "Chaser_T2_T3.vcxproj", "{636A7016-3974-4F5F-A57B-34D1F774C19B}"
EndProject
Global
	GlobalSection(SolutionConfigurationPlatforms) = preSolution
		Debug|x64 = Debug|x64
		Debug|x86 = Debug|x86
		Release|x64 = Release|x64
		Release|x86 = Release|x86
	EndGlobalSection
	GlobalSection(ProjectConfigurationPlatforms) = postSolution
		{636A7016-3974-4F5F-A57B-34D1F774C19B}.Debug|x64.ActiveCfg = Debug|x64
		{636A7016-3974-4F5F-A57B-34D1F774C19B}.Debug|x64.Build.0 = Debug|x64
		{636A7016-3974-4F5F-A57B-34D1F774C19B}.Debug|x86.ActiveCfg = Debug|Win32
		{636A7016-3974-4F5F-A57B-34D1F774C19B}.Debug|x86.Build.0 = Debug|Win32
		{636A7016-3974-4F5F-A57B-34D1F774C19B}.Release|x64.ActiveCfg = Release|x64
		{636A7016-3974-4F5F-A57B-34D1F774C19B}.Release|x64.Build.0 = Release|x64
		{636A7016-3974-4F5F-A57B-34D1F774C19B}.Release|x86.ActiveCfg = Release|Win32
		{636A7016-3974-4F5F-A57B-34D1F774C19B}.Release|x86.Build.0 = Release|Win32
	EndGlobalSection
	GlobalSection(SolutionProperties) = preSolution
		HideSolutionNode = FALSE
	EndGlobalSection
	GlobalSection(ExtensibilityGlobals) = postSolution
		SolutionGuid = {598CF78F-1B72-42CD-838E-13FDEB50E8E9}
	EndGlobalSection
EndGlobal
